{
  "name": "zhizhuo-icons",
  "version": "1.0.1",
  "lockfileVersion": 3,
  "requires": true,
  "packages": {
    "": {
      "name": "zhizhuo-icons",
      "version": "1.0.1",
      "license": "MIT",
      "dependencies": {
        "zhizhuo-icons": "^1.0.0"
      }
    },
    "node_modules/zhizhuo-icons": {
      "version": "1.0.0",
      "resolved": "https://registry.npmjs.org/zhizhuo-icons/-/zhizhuo-icons-1.0.0.tgz",
      "integrity": "sha512-8G6J1EuWptf5qreCDC5WeAt0+8Vvq3CogpDO49w7fYmo3GCs/M6UblxKyu/8Q54ciRFrgF24knx7TG6cwwoLBA==",
      "license": "MIT"
    }
  }
}
